
Microsoft Visual Studio Solution File, Format Version 12.00
# Visual Studio Version 17
VisualStudioVersion = 17.8.34601.278
MinimumVisualStudioVersion = 10.0.40219.1
Project("{9A19103F-16F7-4668-BE54-9A1E7A4F7556}") = "SharedSilicon", "SharedSilicon\SharedSilicon.csproj", "{30024641-618D-40C0-9B14-5C2728CEC503}"
	ProjectSection(ProjectDependencies) = postProject
		{16DE060F-6B10-498B-8C0F-B9C822EA7889} = {16DE060F-6B10-498B-8C0F-B9C822EA7889}
	EndProjectSection
EndProject
Project("{9A19103F-16F7-4668-BE54-9A1E7A4F7556}") = "Infrastructure", "Infrastructure\Infrastructure.csproj", "{16DE060F-6B10-498B-8C0F-B9C822EA7889}"
EndProject
Global
	GlobalSection(SolutionConfigurationPlatforms) = preSolution
		Debug|Any CPU = Debug|Any CPU
		Release|Any CPU = Release|Any CPU
	EndGlobalSection
	GlobalSection(ProjectConfigurationPlatforms) = postSolution
		{30024641-618D-40C0-9B14-5C2728CEC503}.Debug|Any CPU.ActiveCfg = Debug|Any CPU
		{30024641-618D-40C0-9B14-5C2728CEC503}.Debug|Any CPU.Build.0 = Debug|Any CPU
		{30024641-618D-40C0-9B14-5C2728CEC503}.Release|Any CPU.ActiveCfg = Release|Any CPU
		{30024641-618D-40C0-9B14-5C2728CEC503}.Release|Any CPU.Build.0 = Release|Any CPU
		{16DE060F-6B10-498B-8C0F-B9C822EA7889}.Debug|Any CPU.ActiveCfg = Debug|Any CPU
		{16DE060F-6B10-498B-8C0F-B9C822EA7889}.Debug|Any CPU.Build.0 = Debug|Any CPU
		{16DE060F-6B10-498B-8C0F-B9C822EA7889}.Release|Any CPU.ActiveCfg = Release|Any CPU
		{16DE060F-6B10-498B-8C0F-B9C822EA7889}.Release|Any CPU.Build.0 = Release|Any CPU
	EndGlobalSection
	GlobalSection(SolutionProperties) = preSolution
		HideSolutionNode = FALSE
	EndGlobalSection
	GlobalSection(ExtensibilityGlobals) = postSolution
		SolutionGuid = {A986128C-41EB-4340-8302-7B9AEB61ED66}
	EndGlobalSection
EndGlobal
